{
  "nodes": {
    "flake-compat": {
      "flake": false,
      "locked": {
        "lastModified": 1696426674,
        "narHash": "sha256-kvjfFW7WAETZlt09AgDn1MrtKzP7t90Vf7vypd3OL1U=",
        "owner": "edolstra",
        "repo": "flake-compat",
        "rev": "0f9255e01c2351cc7d116c072cb317785dd33b33",
        "type": "github"
      },
      "original": {
        "owner": "edolstra",
        "repo": "flake-compat",
        "type": "github"
      }
    },
    "flake-compat_2": {
      "flake": false,
      "locked": {
        "lastModified": 1747046372,
        "narHash": "sha256-CIVLLkVgvHYbgI2UpXvIIBJ12HWgX+fjA8Xf8PUmqCY=",
        "owner": "edolstra",
        "repo": "flake-compat",
        "rev": "9100a0f413b0c601e0533d1d94ffd501ce2e7885",
        "type": "github"
      },
      "original": {
        "owner": "edolstra",
        "repo": "flake-compat",
        "type": "github"
      }
    },
    "gitignore": {
      "inputs": {
        "nixpkgs": [
          "openai-responses",
          "pre-commit-hooks",
          "nixpkgs"
        ]
      },
      "locked": {
        "lastModified": 1709087332,
        "narHash": "sha256-HG2cCnktfHsKV0s4XW83gU3F57gaTljL9KNSuG6bnQs=",
        "owner": "hercules-ci",
        "repo": "gitignore.nix",
        "rev": "637db329424fd7e46cf4185293b9cc8c88c95394",
        "type": "github"
      },
      "original": {
        "owner": "hercules-ci",
        "repo": "gitignore.nix",
        "type": "github"
      }
    },
    "gitignore_2": {
      "inputs": {
        "nixpkgs": [
          "pre-commit-hooks",
          "nixpkgs"
        ]
      },
      "locked": {
        "lastModified": 1709087332,
        "narHash": "sha256-HG2cCnktfHsKV0s4XW83gU3F57gaTljL9KNSuG6bnQs=",
        "owner": "hercules-ci",
        "repo": "gitignore.nix",
        "rev": "637db329424fd7e46cf4185293b9cc8c88c95394",
        "type": "github"
      },
      "original": {
        "owner": "hercules-ci",
        "repo": "gitignore.nix",
        "type": "github"
      }
    },
    "nixpkgs": {
      "locked": {
        "lastModified": 1756420716,
        "narHash": "sha256-GyjgiIodOPxDPRchxp/SeZpgLqH12z7pBBBlxkkGtbA=",
        "owner": "NixOS",
        "repo": "nixpkgs",
        "rev": "a3725bf81b116a08b4e38accd983966b4d08d261",
        "type": "github"
      },
      "original": {
        "owner": "NixOS",
        "ref": "release-25.05",
        "repo": "nixpkgs",
        "type": "github"
      }
    },
    "nixpkgs-unstable": {
      "locked": {
        "lastModified": 1756787288,
        "narHash": "sha256-rw/PHa1cqiePdBxhF66V7R+WAP8WekQ0mCDG4CFqT8Y=",
        "owner": "NixOS",
        "repo": "nixpkgs",
        "rev": "d0fc30899600b9b3466ddb260fd83deb486c32f1",
        "type": "github"
      },
      "original": {
        "owner": "NixOS",
        "ref": "nixos-unstable",
        "repo": "nixpkgs",
        "type": "github"
      }
    },
    "openai-responses": {
      "inputs": {
        "nixpkgs": [
          "nixpkgs"
        ],
        "pre-commit-hooks": "pre-commit-hooks",
        "pyproject-build-systems": "pyproject-build-systems",
        "pyproject-nix": "pyproject-nix",
        "uv2nix": "uv2nix"
      },
      "locked": {
        "lastModified": 1757302302,
        "narHash": "sha256-GzE/6Ot8WFeyHI9y5u2zx1XP7eGSO8o2ZHGUgG5ikWI=",
        "owner": "dlubawy",
        "repo": "openai-responses",
        "rev": "0f497169f4c769a989764db79d164709ee790155",
        "type": "github"
      },
      "original": {
        "owner": "dlubawy",
        "ref": "main",
        "repo": "openai-responses",
        "type": "github"
      }
    },
    "pre-commit-hooks": {
      "inputs": {
        "flake-compat": "flake-compat",
        "gitignore": "gitignore",
        "nixpkgs": [
          "openai-responses",
          "nixpkgs"
        ]
      },
      "locked": {
        "lastModified": 1754416808,
        "narHash": "sha256-c6yg0EQ9xVESx6HGDOCMcyRSjaTpNJP10ef+6fRcofA=",
        "owner": "cachix",
        "repo": "git-hooks.nix",
        "rev": "9c52372878df6911f9afc1e2a1391f55e4dfc864",
        "type": "github"
      },
      "original": {
        "owner": "cachix",
        "ref": "master",
        "repo": "git-hooks.nix",
        "type": "github"
      }
    },
    "pre-commit-hooks_2": {
      "inputs": {
        "flake-compat": "flake-compat_2",
        "gitignore": "gitignore_2",
        "nixpkgs": [
          "nixpkgs"
        ]
      },
      "locked": {
        "lastModified": 1755960406,
        "narHash": "sha256-RF7j6C1TmSTK9tYWO6CdEMtg6XZaUKcvZwOCD2SICZs=",
        "owner": "cachix",
        "repo": "git-hooks.nix",
        "rev": "e891a93b193fcaf2fc8012d890dc7f0befe86ec2",
        "type": "github"
      },
      "original": {
        "owner": "cachix",
        "ref": "master",
        "repo": "git-hooks.nix",
        "type": "github"
      }
    },
    "pyproject-build-systems": {
      "inputs": {
        "nixpkgs": [
          "openai-responses",
          "nixpkgs"
        ],
        "pyproject-nix": [
          "openai-responses",
          "pyproject-nix"
        ],
        "uv2nix": [
          "openai-responses",
          "uv2nix"
        ]
      },
      "locked": {
        "lastModified": 1754838072,
        "narHash": "sha256-8T+uGCu5Ouch8Z9jdiIc1k4gntZKnyzoCZ9ztpgRV+Q=",
        "owner": "pyproject-nix",
        "repo": "build-system-pkgs",
        "rev": "e13fc3881e6b9bfce26e5a8bea0796f4da3d0d4a",
        "type": "github"
      },
      "original": {
        "owner": "pyproject-nix",
        "repo": "build-system-pkgs",
        "type": "github"
      }
    },
    "pyproject-nix": {
      "inputs": {
        "nixpkgs": [
          "openai-responses",
          "nixpkgs"
        ]
      },
      "locked": {
        "lastModified": 1754287816,
        "narHash": "sha256-kDt0HB89oWTlTQMnTwDxx3BlRHK1AdAJ1kMcVYGuccs=",
        "owner": "nix-community",
        "repo": "pyproject.nix",
        "rev": "efe944d0902f406c28b4e8662312292a37e4de87",
        "type": "github"
      },
      "original": {
        "owner": "nix-community",
        "repo": "pyproject.nix",
        "type": "github"
      }
    },
    "root": {
      "inputs": {
        "nixpkgs": "nixpkgs",
        "nixpkgs-unstable": "nixpkgs-unstable",
        "openai-responses": "openai-responses",
        "pre-commit-hooks": "pre-commit-hooks_2"
      }
    },
    "uv2nix": {
      "inputs": {
        "nixpkgs": [
          "openai-responses",
          "nixpkgs"
        ],
        "pyproject-nix": [
          "openai-responses",
          "pyproject-nix"
        ]
      },
      "locked": {
        "lastModified": 1754719699,
        "narHash": "sha256-Ek6WILkhVMDWm9j0L23gxHhDt62z1+A68D+pPt0ghao=",
        "owner": "pyproject-nix",
        "repo": "uv2nix",
        "rev": "38ead6a16ba1be029dd40fe17fc064d6934847d2",
        "type": "github"
      },
      "original": {
        "owner": "pyproject-nix",
        "repo": "uv2nix",
        "type": "github"
      }
    }
  },
  "root": "root",
  "version": 7
}
